{
  "requires": true,
  "lockfileVersion": 1,
  "dependencies": {
    "primer-buttons": {
      "version": "3.0.0",
      "resolved": "http://registry.npm.taobao.org/primer-buttons/download/primer-buttons-3.0.0.tgz",
      "integrity": "sha1-QuQ2nhWNZd2nhRv2y63gZRrySl0=",
      "requires": {
        "primer-support": "5.0.0"
      }
    },
    "primer-labels": {
      "version": "2.0.0",
      "resolved": "http://registry.npm.taobao.org/primer-labels/download/primer-labels-2.0.0.tgz",
      "integrity": "sha1-pMJ8RZOnbOxNy/Dj3q5gIK0h5xg=",
      "requires": {
        "primer-support": "5.0.0"
      }
    },
    "primer-markdown": {
      "version": "4.0.0",
      "resolved": "http://registry.npm.taobao.org/primer-markdown/download/primer-markdown-4.0.0.tgz",
      "integrity": "sha1-zkuQBO8OcpW7PcrLaPo2rzBKUc4=",
      "requires": {
        "primer-support": "5.0.0"
      }
    },
    "primer-support": {
      "version": "5.0.0",
      "resolved": "http://registry.npm.taobao.org/primer-support/download/primer-support-5.0.0.tgz",
      "integrity": "sha1-0Zx86lnoeDQAuTkZQ8iiuy693F4="
    }
  }
}
